
Microsoft Visual Studio Solution File, Format Version 12.00
# Visual Studio Version 17
VisualStudioVersion = 17.14.36408.4 d17.14
MinimumVisualStudioVersion = 10.0.40219.1
Project("{FAE04EC0-301F-11D3-BF4B-00C04F79EFBC}") = "Taller 2 Gestor", "Taller 2 Gestor.csproj", "{FEAFE060-D24A-4FFB-BC62-C6D967215659}"
EndProject
Global
	GlobalSection(SolutionConfigurationPlatforms) = preSolution
		Debug|Any CPU = Debug|Any CPU
		Release|Any CPU = Release|Any CPU
	EndGlobalSection
	GlobalSection(ProjectConfigurationPlatforms) = postSolution
		{FEAFE060-D24A-4FFB-BC62-C6D967215659}.Debug|Any CPU.ActiveCfg = Debug|Any CPU
		{FEAFE060-D24A-4FFB-BC62-C6D967215659}.Debug|Any CPU.Build.0 = Debug|Any CPU
		{FEAFE060-D24A-4FFB-BC62-C6D967215659}.Release|Any CPU.ActiveCfg = Release|Any CPU
		{FEAFE060-D24A-4FFB-BC62-C6D967215659}.Release|Any CPU.Build.0 = Release|Any CPU
	EndGlobalSection
	GlobalSection(SolutionProperties) = preSolution
		HideSolutionNode = FALSE
	EndGlobalSection
	GlobalSection(ExtensibilityGlobals) = postSolution
		SolutionGuid = {865DDA05-AD08-4111-BBC3-3C4F97C93B26}
	EndGlobalSection
EndGlobal
